
Microsoft Visual Studio Solution File, Format Version 12.00
# Visual Studio Version 16
VisualStudioVersion = 16.0.29609.76
MinimumVisualStudioVersion = 10.0.40219.1
Project("{FAE04EC0-301F-11D3-BF4B-00C04F79EFBC}") = "tla-proj", "tla-proj\tla-proj.csproj", "{6E0AE9A7-2889-43B4-83FE-DF796C07CAD7}"
EndProject
Global
	GlobalSection(SolutionConfigurationPlatforms) = preSolution
		Debug|Any CPU = Debug|Any CPU
		Release|Any CPU = Release|Any CPU
	EndGlobalSection
	GlobalSection(ProjectConfigurationPlatforms) = postSolution
		{6E0AE9A7-2889-43B4-83FE-DF796C07CAD7}.Debug|Any CPU.ActiveCfg = Debug|Any CPU
		{6E0AE9A7-2889-43B4-83FE-DF796C07CAD7}.Debug|Any CPU.Build.0 = Debug|Any CPU
		{6E0AE9A7-2889-43B4-83FE-DF796C07CAD7}.Release|Any CPU.ActiveCfg = Release|Any CPU
		{6E0AE9A7-2889-43B4-83FE-DF796C07CAD7}.Release|Any CPU.Build.0 = Release|Any CPU
	EndGlobalSection
	GlobalSection(SolutionProperties) = preSolution
		HideSolutionNode = FALSE
	EndGlobalSection
	GlobalSection(ExtensibilityGlobals) = postSolution
		SolutionGuid = {AABB8F35-A880-45A8-BC3A-28D3BA8F7205}
	EndGlobalSection
EndGlobal
